Microsoft Visual Studio Solution File, Format Version 8.00
Project("{8BC9CEB8-8B4A-11D0-8D11-00A0C91BC942}") = "Tank3D", "Tank3D.vcproj", "{416FFD36-74BF-4CA8-A3E2-F6601254963D}"
	ProjectSection(ProjectDependencies) = postProject
	EndProjectSection
EndProject
Global
	GlobalSection(SolutionConfiguration) = preSolution
		Debug = Debug
		Release = Release
	EndGlobalSection
	GlobalSection(ProjectConfiguration) = postSolution
		{416FFD36-74BF-4CA8-A3E2-F6601254963D}.Debug.ActiveCfg = Debug|Win32
		{416FFD36-74BF-4CA8-A3E2-F6601254963D}.Debug.Build.0 = Debug|Win32
		{416FFD36-74BF-4CA8-A3E2-F6601254963D}.Release.ActiveCfg = Release|Win32
		{416FFD36-74BF-4CA8-A3E2-F6601254963D}.Release.Build.0 = Release|Win32
	EndGlobalSection
	GlobalSection(ExtensibilityGlobals) = postSolution
	EndGlobalSection
	GlobalSection(ExtensibilityAddIns) = postSolution
	EndGlobalSection
EndGlobal
